
Microsoft Visual Studio Solution File, Format Version 12.00
Project("{FAE04EC0-301F-11D3-BF4B-00C04F79EFBC}") = "MsgRecipe", "MsgRecipe\MsgRecipe.csproj", "{40DFAE3B-2B12-4381-A550-1B78A6D11AF6}"
EndProject
Global
	GlobalSection(SolutionConfigurationPlatforms) = preSolution
		Debug|Any CPU = Debug|Any CPU
		Release|Any CPU = Release|Any CPU
	EndGlobalSection
	GlobalSection(ProjectConfigurationPlatforms) = postSolution
		{40DFAE3B-2B12-4381-A550-1B78A6D11AF6}.Debug|Any CPU.ActiveCfg = Debug|Any CPU
		{40DFAE3B-2B12-4381-A550-1B78A6D11AF6}.Debug|Any CPU.Build.0 = Debug|Any CPU
		{40DFAE3B-2B12-4381-A550-1B78A6D11AF6}.Release|Any CPU.ActiveCfg = Release|Any CPU
		{40DFAE3B-2B12-4381-A550-1B78A6D11AF6}.Release|Any CPU.Build.0 = Release|Any CPU
	EndGlobalSection
EndGlobal
